<?xml version="1.0" encoding="utf-8"?>
<Project ToolsVersion="4.0" xmlns="http://schemas.microsoft.com/developer/msbuild/2003">
  <ItemGroup>
    <Filter Include="Tools">
      <UniqueIdentifier>{8625E1DE-7BE1-4C39-B1D1-4DC03D822497}</UniqueIdentifier>
    </Filter>
  </ItemGroup>
  <ItemGroup>
    <ClCompile Include="Src\marketd\Markets\BitstampUsd.cpp" />
    <ClInclude Include="Src\marketd\Markets\BitstampUsd.h" />
    <ClCompile Include="Src\Tools\Socket.cpp">
      <Filter>Tools</Filter>
    </ClCompile>
    <ClInclude Include="Src\Tools\Socket.h">
      <Filter>Tools</Filter>
    </ClInclude>
    <ClInclude Include="Src\Tools\Buffer.h">
      <Filter>Tools</Filter>
    </ClInclude>
    <ClInclude Include="Src\Protocol.h" />
    <ClCompile Include="Src\marketd\Tools\HttpRequest.cpp">
      <Filter>Tools</Filter>
    </ClCompile>
    <ClCompile Include="Src\marketd\Tools\Json.cpp">
      <Filter>Tools</Filter>
    </ClCompile>
    <ClCompile Include="Src\marketd\Tools\RelayConnection.cpp">
      <Filter>Tools</Filter>
    </ClCompile>
    <ClCompile Include="Src\marketd\Tools\Websocket.cpp">
      <Filter>Tools</Filter>
    </ClCompile>
    <ClInclude Include="Src\marketd\Tools\HttpRequest.h">
      <Filter>Tools</Filter>
    </ClInclude>
    <ClInclude Include="Src\marketd\Tools\Json.h">
      <Filter>Tools</Filter>
    </ClInclude>
    <ClInclude Include="Src\marketd\Tools\Market.h">
      <Filter>Tools</Filter>
    </ClInclude>
    <ClInclude Include="Src\marketd\Tools\RelayConnection.h">
      <Filter>Tools</Filter>
    </ClInclude>
    <ClInclude Include="Src\marketd\Tools\Websocket.h">
      <Filter>Tools</Filter>
    </ClInclude>
    <ClCompile Include="Src\marketd\Main.cpp" />
  </ItemGroup>
</Project>