<?xml version="1.0" encoding="utf-8"?>
<Project ToolsVersion="4.0" xmlns="http://schemas.microsoft.com/developer/msbuild/2003">
  <ItemGroup>
    <Filter Include="Tools">
      <UniqueIdentifier>{8625E1DE-7BE1-4C39-B1D1-4DC03D822497}</UniqueIdentifier>
    </Filter>
  </ItemGroup>
  <ItemGroup>
    <ClCompile Include="Src\ClientHandler.cpp" />
    <ClCompile Include="Src\Main.cpp" />
    <ClCompile Include="Src\ServerHandler.cpp" />
    <ClCompile Include="Src\SinkClient.cpp" />
    <ClCompile Include="Src\Tools\Socket.cpp">
      <Filter>Tools</Filter>
    </ClCompile>
    <ClInclude Include="Src\Channel.h" />
    <ClInclude Include="Src\ClientHandler.h" />
    <ClInclude Include="Src\Protocol.h" />
    <ClInclude Include="Src\ServerHandler.h" />
    <ClInclude Include="Src\SinkClient.h" />
    <ClInclude Include="Src\Tools\Math.h">
      <Filter>Tools</Filter>
    </ClInclude>
    <ClInclude Include="Src\Tools\Server.h">
      <Filter>Tools</Filter>
    </ClInclude>
    <ClInclude Include="Src\Tools\Socket.h">
      <Filter>Tools</Filter>
    </ClInclude>
  </ItemGroup>
</Project>